
Microsoft Visual Studio Solution File, Format Version 12.00
# Visual Studio 15
VisualStudioVersion = 15.0.28307.136
MinimumVisualStudioVersion = 10.0.40219.1
Project("{FAE04EC0-301F-11D3-BF4B-00C04F79EFBC}") = "YCP.PassHide.Mobile.Android", "YCP.PassHide.Mobile\YCP.PassHide.Mobile.Android\YCP.PassHide.Mobile.Android.csproj", "{CB30799F-A78D-437A-BE58-147A0445E829}"
EndProject
Project("{FAE04EC0-301F-11D3-BF4B-00C04F79EFBC}") = "YCP.PassHide.Mobile.iOS", "YCP.PassHide.Mobile\YCP.PassHide.Mobile.iOS\YCP.PassHide.Mobile.iOS.csproj", "{2A335D6B-5A04-43BF-8142-D61EACF0BE0F}"
EndProject
Project("{9A19103F-16F7-4668-BE54-9A1E7A4F7556}") = "YCP.PassHide.Mobile", "YCP.PassHide.Mobile\YCP.PassHide.Mobile\YCP.PassHide.Mobile.csproj", "{DF2E235F-09F7-46AA-9459-B84FFBE8E195}"
EndProject
Global
	GlobalSection(SolutionConfigurationPlatforms) = preSolution
		Ad-Hoc|Any CPU = Ad-Hoc|Any CPU
		Ad-Hoc|iPhone = Ad-Hoc|iPhone
		Ad-Hoc|iPhoneSimulator = Ad-Hoc|iPhoneSimulator
		AppStore|Any CPU = AppStore|Any CPU
		AppStore|iPhone = AppStore|iPhone
		AppStore|iPhoneSimulator = AppStore|iPhoneSimulator
		Debug|Any CPU = Debug|Any CPU
		Debug|iPhone = Debug|iPhone
		Debug|iPhoneSimulator = Debug|iPhoneSimulator
		Release|Any CPU = Release|Any CPU
		Release|iPhone = Release|iPhone
		Release|iPhoneSimulator = Release|iPhoneSimulator
	EndGlobalSection
	GlobalSection(ProjectConfigurationPlatforms) = postSolution
		{CB30799F-A78D-437A-BE58-147A0445E829}.Ad-Hoc|Any CPU.ActiveCfg = Release|Any CPU
		{CB30799F-A78D-437A-BE58-147A0445E829}.Ad-Hoc|Any CPU.Build.0 = Release|Any CPU
		{CB30799F-A78D-437A-BE58-147A0445E829}.Ad-Hoc|Any CPU.Deploy.0 = Release|Any CPU
		{CB30799F-A78D-437A-BE58-147A0445E829}.Ad-Hoc|iPhone.ActiveCfg = Release|Any CPU
		{CB30799F-A78D-437A-BE58-147A0445E829}.Ad-Hoc|iPhone.Build.0 = Release|Any CPU
		{CB30799F-A78D-437A-BE58-147A0445E829}.Ad-Hoc|iPhone.Deploy.0 = Release|Any CPU
		{CB30799F-A78D-437A-BE58-147A0445E829}.Ad-Hoc|iPhoneSimulator.ActiveCfg = Release|Any CPU
		{CB30799F-A78D-437A-BE58-147A0445E829}.Ad-Hoc|iPhoneSimulator.Build.0 = Release|Any CPU
		{CB30799F-A78D-437A-BE58-147A0445E829}.Ad-Hoc|iPhoneSimulator.Deploy.0 = Release|Any CPU
		{CB30799F-A78D-437A-BE58-147A0445E829}.AppStore|Any CPU.ActiveCfg = Release|Any CPU
		{CB30799F-A78D-437A-BE58-147A0445E829}.AppStore|Any CPU.Build.0 = Release|Any CPU
		{CB30799F-A78D-437A-BE58-147A0445E829}.AppStore|Any CPU.Deploy.0 = Release|Any CPU
		{CB30799F-A78D-437A-BE58-147A0445E829}.AppStore|iPhone.ActiveCfg = Release|Any CPU
		{CB30799F-A78D-437A-BE58-147A0445E829}.AppStore|iPhone.Build.0 = Release|Any CPU
		{CB30799F-A78D-437A-BE58-147A0445E829}.AppStore|iPhone.Deploy.0 = Release|Any CPU
		{CB30799F-A78D-437A-BE58-147A0445E829}.AppStore|iPhoneSimulator.ActiveCfg = Release|Any CPU
		{CB30799F-A78D-437A-BE58-147A0445E829}.AppStore|iPhoneSimulator.Build.0 = Release|Any CPU
		{CB30799F-A78D-437A-BE58-147A0445E829}.AppStore|iPhoneSimulator.Deploy.0 = Release|Any CPU
		{CB30799F-A78D-437A-BE58-147A0445E829}.Debug|Any CPU.ActiveCfg = Debug|Any CPU
		{CB30799F-A78D-437A-BE58-147A0445E829}.Debug|Any CPU.Build.0 = Debug|Any CPU
		{CB30799F-A78D-437A-BE58-147A0445E829}.Debug|Any CPU.Deploy.0 = Debug|Any CPU
		{CB30799F-A78D-437A-BE58-147A0445E829}.Debug|iPhone.ActiveCfg = Debug|Any CPU
		{CB30799F-A78D-437A-BE58-147A0445E829}.Debug|iPhone.Build.0 = Debug|Any CPU
		{CB30799F-A78D-437A-BE58-147A0445E829}.Debug|iPhone.Deploy.0 = Debug|Any CPU
		{CB30799F-A78D-437A-BE58-147A0445E829}.Debug|iPhoneSimulator.ActiveCfg = Debug|Any CPU
		{CB30799F-A78D-437A-BE58-147A0445E829}.Debug|iPhoneSimulator.Build.0 = Debug|Any CPU
		{CB30799F-A78D-437A-BE58-147A0445E829}.Debug|iPhoneSimulator.Deploy.0 = Debug|Any CPU
		{CB30799F-A78D-437A-BE58-147A0445E829}.Release|Any CPU.ActiveCfg = Release|Any CPU
		{CB30799F-A78D-437A-BE58-147A0445E829}.Release|Any CPU.Build.0 = Release|Any CPU
		{CB30799F-A78D-437A-BE58-147A0445E829}.Release|Any CPU.Deploy.0 = Release|Any CPU
		{CB30799F-A78D-437A-BE58-147A0445E829}.Release|iPhone.ActiveCfg = Release|Any CPU
		{CB30799F-A78D-437A-BE58-147A0445E829}.Release|iPhone.Build.0 = Release|Any CPU
		{CB30799F-A78D-437A-BE58-147A0445E829}.Release|iPhone.Deploy.0 = Release|Any CPU
		{CB30799F-A78D-437A-BE58-147A0445E829}.Release|iPhoneSimulator.ActiveCfg = Release|Any CPU
		{CB30799F-A78D-437A-BE58-147A0445E829}.Release|iPhoneSimulator.Build.0 = Release|Any CPU
		{CB30799F-A78D-437A-BE58-147A0445E829}.Release|iPhoneSimulator.Deploy.0 = Release|Any CPU
		{2A335D6B-5A04-43BF-8142-D61EACF0BE0F}.Ad-Hoc|Any CPU.ActiveCfg = Ad-Hoc|iPhone
		{2A335D6B-5A04-43BF-8142-D61EACF0BE0F}.Ad-Hoc|Any CPU.Build.0 = Ad-Hoc|iPhone
		{2A335D6B-5A04-43BF-8142-D61EACF0BE0F}.Ad-Hoc|Any CPU.Deploy.0 = Ad-Hoc|iPhone
		{2A335D6B-5A04-43BF-8142-D61EACF0BE0F}.Ad-Hoc|iPhone.ActiveCfg = Ad-Hoc|iPhone
		{2A335D6B-5A04-43BF-8142-D61EACF0BE0F}.Ad-Hoc|iPhone.Build.0 = Ad-Hoc|iPhone
		{2A335D6B-5A04-43BF-8142-D61EACF0BE0F}.Ad-Hoc|iPhone.Deploy.0 = Ad-Hoc|iPhone
		{2A335D6B-5A04-43BF-8142-D61EACF0BE0F}.Ad-Hoc|iPhoneSimulator.ActiveCfg = Ad-Hoc|iPhoneSimulator
		{2A335D6B-5A04-43BF-8142-D61EACF0BE0F}.Ad-Hoc|iPhoneSimulator.Build.0 = Ad-Hoc|iPhoneSimulator
		{2A335D6B-5A04-43BF-8142-D61EACF0BE0F}.Ad-Hoc|iPhoneSimulator.Deploy.0 = Ad-Hoc|iPhoneSimulator
		{2A335D6B-5A04-43BF-8142-D61EACF0BE0F}.AppStore|Any CPU.ActiveCfg = AppStore|iPhone
		{2A335D6B-5A04-43BF-8142-D61EACF0BE0F}.AppStore|Any CPU.Build.0 = AppStore|iPhone
		{2A335D6B-5A04-43BF-8142-D61EACF0BE0F}.AppStore|Any CPU.Deploy.0 = AppStore|iPhone
		{2A335D6B-5A04-43BF-8142-D61EACF0BE0F}.AppStore|iPhone.ActiveCfg = AppStore|iPhone
		{2A335D6B-5A04-43BF-8142-D61EACF0BE0F}.AppStore|iPhone.Build.0 = AppStore|iPhone
		{2A335D6B-5A04-43BF-8142-D61EACF0BE0F}.AppStore|iPhone.Deploy.0 = AppStore|iPhone
		{2A335D6B-5A04-43BF-8142-D61EACF0BE0F}.AppStore|iPhoneSimulator.ActiveCfg = AppStore|iPhoneSimulator
		{2A335D6B-5A04-43BF-8142-D61EACF0BE0F}.AppStore|iPhoneSimulator.Build.0 = AppStore|iPhoneSimulator
		{2A335D6B-5A04-43BF-8142-D61EACF0BE0F}.AppStore|iPhoneSimulator.Deploy.0 = AppStore|iPhoneSimulator
		{2A335D6B-5A04-43BF-8142-D61EACF0BE0F}.Debug|Any CPU.ActiveCfg = Debug|iPhoneSimulator
		{2A335D6B-5A04-43BF-8142-D61EACF0BE0F}.Debug|Any CPU.Build.0 = Debug|iPhoneSimulator
		{2A335D6B-5A04-43BF-8142-D61EACF0BE0F}.Debug|Any CPU.Deploy.0 = Debug|iPhoneSimulator
		{2A335D6B-5A04-43BF-8142-D61EACF0BE0F}.Debug|iPhone.ActiveCfg = Debug|iPhone
		{2A335D6B-5A04-43BF-8142-D61EACF0BE0F}.Debug|iPhone.Build.0 = Debug|iPhone
		{2A335D6B-5A04-43BF-8142-D61EACF0BE0F}.Debug|iPhone.Deploy.0 = Debug|iPhone
		{2A335D6B-5A04-43BF-8142-D61EACF0BE0F}.Debug|iPhoneSimulator.ActiveCfg = Debug|iPhoneSimulator
		{2A335D6B-5A04-43BF-8142-D61EACF0BE0F}.Debug|iPhoneSimulator.Build.0 = Debug|iPhoneSimulator
		{2A335D6B-5A04-43BF-8142-D61EACF0BE0F}.Debug|iPhoneSimulator.Deploy.0 = Debug|iPhoneSimulator
		{2A335D6B-5A04-43BF-8142-D61EACF0BE0F}.Release|Any CPU.ActiveCfg = Release|iPhone
		{2A335D6B-5A04-43BF-8142-D61EACF0BE0F}.Release|Any CPU.Build.0 = Release|iPhone
		{2A335D6B-5A04-43BF-8142-D61EACF0BE0F}.Release|Any CPU.Deploy.0 = Release|iPhone
		{2A335D6B-5A04-43BF-8142-D61EACF0BE0F}.Release|iPhone.ActiveCfg = Release|iPhone
		{2A335D6B-5A04-43BF-8142-D61EACF0BE0F}.Release|iPhone.Build.0 = Release|iPhone
		{2A335D6B-5A04-43BF-8142-D61EACF0BE0F}.Release|iPhone.Deploy.0 = Release|iPhone
		{2A335D6B-5A04-43BF-8142-D61EACF0BE0F}.Release|iPhoneSimulator.ActiveCfg = Release|iPhoneSimulator
		{2A335D6B-5A04-43BF-8142-D61EACF0BE0F}.Release|iPhoneSimulator.Build.0 = Release|iPhoneSimulator
		{2A335D6B-5A04-43BF-8142-D61EACF0BE0F}.Release|iPhoneSimulator.Deploy.0 = Release|iPhoneSimulator
		{DF2E235F-09F7-46AA-9459-B84FFBE8E195}.Ad-Hoc|Any CPU.ActiveCfg = Debug|Any CPU
		{DF2E235F-09F7-46AA-9459-B84FFBE8E195}.Ad-Hoc|Any CPU.Build.0 = Debug|Any CPU
		{DF2E235F-09F7-46AA-9459-B84FFBE8E195}.Ad-Hoc|Any CPU.Deploy.0 = Debug|Any CPU
		{DF2E235F-09F7-46AA-9459-B84FFBE8E195}.Ad-Hoc|iPhone.ActiveCfg = Debug|Any CPU
		{DF2E235F-09F7-46AA-9459-B84FFBE8E195}.Ad-Hoc|iPhone.Build.0 = Debug|Any CPU
		{DF2E235F-09F7-46AA-9459-B84FFBE8E195}.Ad-Hoc|iPhone.Deploy.0 = Debug|Any CPU
		{DF2E235F-09F7-46AA-9459-B84FFBE8E195}.Ad-Hoc|iPhoneSimulator.ActiveCfg = Debug|Any CPU
		{DF2E235F-09F7-46AA-9459-B84FFBE8E195}.Ad-Hoc|iPhoneSimulator.Build.0 = Debug|Any CPU
		{DF2E235F-09F7-46AA-9459-B84FFBE8E195}.Ad-Hoc|iPhoneSimulator.Deploy.0 = Debug|Any CPU
		{DF2E235F-09F7-46AA-9459-B84FFBE8E195}.AppStore|Any CPU.ActiveCfg = Debug|Any CPU
		{DF2E235F-09F7-46AA-9459-B84FFBE8E195}.AppStore|Any CPU.Build.0 = Debug|Any CPU
		{DF2E235F-09F7-46AA-9459-B84FFBE8E195}.AppStore|Any CPU.Deploy.0 = Debug|Any CPU
		{DF2E235F-09F7-46AA-9459-B84FFBE8E195}.AppStore|iPhone.ActiveCfg = Debug|Any CPU
		{DF2E235F-09F7-46AA-9459-B84FFBE8E195}.AppStore|iPhone.Build.0 = Debug|Any CPU
		{DF2E235F-09F7-46AA-9459-B84FFBE8E195}.AppStore|iPhone.Deploy.0 = Debug|Any CPU
		{DF2E235F-09F7-46AA-9459-B84FFBE8E195}.AppStore|iPhoneSimulator.ActiveCfg = Debug|Any CPU
		{DF2E235F-09F7-46AA-9459-B84FFBE8E195}.AppStore|iPhoneSimulator.Build.0 = Debug|Any CPU
		{DF2E235F-09F7-46AA-9459-B84FFBE8E195}.AppStore|iPhoneSimulator.Deploy.0 = Debug|Any CPU
		{DF2E235F-09F7-46AA-9459-B84FFBE8E195}.Debug|Any CPU.ActiveCfg = Debug|Any CPU
		{DF2E235F-09F7-46AA-9459-B84FFBE8E195}.Debug|Any CPU.Build.0 = Debug|Any CPU
		{DF2E235F-09F7-46AA-9459-B84FFBE8E195}.Debug|Any CPU.Deploy.0 = Debug|Any CPU
		{DF2E235F-09F7-46AA-9459-B84FFBE8E195}.Debug|iPhone.ActiveCfg = Debug|Any CPU
		{DF2E235F-09F7-46AA-9459-B84FFBE8E195}.Debug|iPhone.Build.0 = Debug|Any CPU
		{DF2E235F-09F7-46AA-9459-B84FFBE8E195}.Debug|iPhone.Deploy.0 = Debug|Any CPU
		{DF2E235F-09F7-46AA-9459-B84FFBE8E195}.Debug|iPhoneSimulator.ActiveCfg = Debug|Any CPU
		{DF2E235F-09F7-46AA-9459-B84FFBE8E195}.Debug|iPhoneSimulator.Build.0 = Debug|Any CPU
		{DF2E235F-09F7-46AA-9459-B84FFBE8E195}.Debug|iPhoneSimulator.Deploy.0 = Debug|Any CPU
		{DF2E235F-09F7-46AA-9459-B84FFBE8E195}.Release|Any CPU.ActiveCfg = Release|Any CPU
		{DF2E235F-09F7-46AA-9459-B84FFBE8E195}.Release|Any CPU.Build.0 = Release|Any CPU
		{DF2E235F-09F7-46AA-9459-B84FFBE8E195}.Release|Any CPU.Deploy.0 = Release|Any CPU
		{DF2E235F-09F7-46AA-9459-B84FFBE8E195}.Release|iPhone.ActiveCfg = Release|Any CPU
		{DF2E235F-09F7-46AA-9459-B84FFBE8E195}.Release|iPhone.Build.0 = Release|Any CPU
		{DF2E235F-09F7-46AA-9459-B84FFBE8E195}.Release|iPhone.Deploy.0 = Release|Any CPU
		{DF2E235F-09F7-46AA-9459-B84FFBE8E195}.Release|iPhoneSimulator.ActiveCfg = Release|Any CPU
		{DF2E235F-09F7-46AA-9459-B84FFBE8E195}.Release|iPhoneSimulator.Build.0 = Release|Any CPU
		{DF2E235F-09F7-46AA-9459-B84FFBE8E195}.Release|iPhoneSimulator.Deploy.0 = Release|Any CPU
	EndGlobalSection
	GlobalSection(SolutionProperties) = preSolution
		HideSolutionNode = FALSE
	EndGlobalSection
	GlobalSection(ExtensibilityGlobals) = postSolution
		SolutionGuid = {9235523C-8B24-459D-93A6-6A1AC5AD3E2D}
	EndGlobalSection
	GlobalSection(TeamFoundationVersionControl) = preSolution
		SccNumberOfProjects = 4
		SccEnterpriseProvider = {4CA58AB2-18FA-4F8D-95D4-32DDF27D184C}
		SccTeamFoundationServer = http://81.214.133.228:8080/tfs/defaultcollection
		SccLocalPath0 = .
		SccProjectUniqueName1 = YCP.PassHide.Mobile\\YCP.PassHide.Mobile.Android\\YCP.PassHide.Mobile.Android.csproj
		SccProjectName1 = YCP.PassHide.Mobile/YCP.PassHide.Mobile.Android
		SccLocalPath1 = YCP.PassHide.Mobile\\YCP.PassHide.Mobile.Android
		SccProjectUniqueName2 = YCP.PassHide.Mobile\\YCP.PassHide.Mobile.iOS\\YCP.PassHide.Mobile.iOS.csproj
		SccProjectName2 = YCP.PassHide.Mobile/YCP.PassHide.Mobile.iOS
		SccLocalPath2 = YCP.PassHide.Mobile\\YCP.PassHide.Mobile.iOS
		SccProjectUniqueName3 = YCP.PassHide.Mobile\\YCP.PassHide.Mobile\\YCP.PassHide.Mobile.csproj
		SccProjectName3 = YCP.PassHide.Mobile/YCP.PassHide.Mobile
		SccLocalPath3 = YCP.PassHide.Mobile\\YCP.PassHide.Mobile
	EndGlobalSection
EndGlobal
